<?xml version="1.0" encoding="utf-8"?>
<Project ToolsVersion="4.0" xmlns="http://schemas.microsoft.com/developer/msbuild/2003">
  <ItemGroup>
    <ClCompile Include="StdSocket.cpp">
      <Filter>Quelldateien</Filter>
    </ClCompile>
    <ClCompile Include="SslSocket.cpp">
      <Filter>Quelldateien</Filter>
    </ClCompile>
  </ItemGroup>
  <ItemGroup>
    <ClInclude Include="OpenSSLWraper.h">
      <Filter>Headerdateien</Filter>
    </ClInclude>
    <ClInclude Include="SslSocket.h">
      <Filter>Headerdateien</Filter>
    </ClInclude>
    <ClInclude Include="StdSocket.h">
      <Filter>Headerdateien</Filter>
    </ClInclude>
  </ItemGroup>
  <ItemGroup>
    <Filter Include="Headerdateien">
      <UniqueIdentifier>{da7dcc10-6e86-412f-a9c6-43a4ec901383}</UniqueIdentifier>
    </Filter>
    <Filter Include="Quelldateien">
      <UniqueIdentifier>{e609d5fc-eb86-4918-ac67-7459bee18c3c}</UniqueIdentifier>
    </Filter>
  </ItemGroup>
</Project>